// !$*UTF8*$!
{
	archiveVersion = 1;
	classes = {
	};
	objectVersion = 55;
	objects = {

/* Begin PBXBuildFile section */
		37009191281078EC00D31E6F /* AppDelegate.swift in Sources */ = {isa = PBXBuildFile; fileRef = 37009190281078EC00D31E6F /* AppDelegate.swift */; };
		37009193281078EC00D31E6F /* SceneDelegate.swift in Sources */ = {isa = PBXBuildFile; fileRef = 37009192281078EC00D31E6F /* SceneDelegate.swift */; };
		37009195281078EC00D31E6F /* ViewController.swift in Sources */ = {isa = PBXBuildFile; fileRef = 37009194281078EC00D31E6F /* ViewController.swift */; };
		37009198281078EC00D31E6F /* Main.storyboard in Resources */ = {isa = PBXBuildFile; fileRef = 37009196281078EC00D31E6F /* Main.storyboard */; };
		3700919A281078EC00D31E6F /* Assets.xcassets in Resources */ = {isa = PBXBuildFile; fileRef = 37009199281078EC00D31E6F /* Assets.xcassets */; };
		3700919D281078EC00D31E6F /* LaunchScreen.storyboard in Resources */ = {isa = PBXBuildFile; fileRef = 3700919B281078EC00D31E6F /* LaunchScreen.storyboard */; };
		370091A828107ACF00D31E6F /* ViewControllerProtocol.swift in Sources */ = {isa = PBXBuildFile; fileRef = 370091A728107ACF00D31E6F /* ViewControllerProtocol.swift */; };
		370091AA28107BC700D31E6F /* Product.swift in Sources */ = {isa = PBXBuildFile; fileRef = 370091A928107BC700D31E6F /* Product.swift */; };
		370091AD28107C8400D31E6F /* NetworkConnection.swift in Sources */ = {isa = PBXBuildFile; fileRef = 370091AC28107C8400D31E6F /* NetworkConnection.swift */; };
		370091B028107D0900D31E6F /* Alamofire in Frameworks */ = {isa = PBXBuildFile; productRef = 370091AF28107D0900D31E6F /* Alamofire */; };
		370091B228108A0A00D31E6F /* ViewPresenter.swift in Sources */ = {isa = PBXBuildFile; fileRef = 370091B128108A0A00D31E6F /* ViewPresenter.swift */; };
		370091B52810A02400D31E6F /* ProductTableViewCell.swift in Sources */ = {isa = PBXBuildFile; fileRef = 370091B32810A02400D31E6F /* ProductTableViewCell.swift */; };
		370091B62810A02400D31E6F /* ProductTableViewCell.xib in Resources */ = {isa = PBXBuildFile; fileRef = 370091B42810A02400D31E6F /* ProductTableViewCell.xib */; };
		370091B82810C0F400D31E6F /* DetailsViewController.swift in Sources */ = {isa = PBXBuildFile; fileRef = 370091B72810C0F400D31E6F /* DetailsViewController.swift */; };
		37832B0E2812F70F00F1F77D /* DownloadImageManager.swift in Sources */ = {isa = PBXBuildFile; fileRef = 37832B0D2812F70F00F1F77D /* DownloadImageManager.swift */; };
		37832B102812FD0900F1F77D /* LoadingIndicatorManager.swift in Sources */ = {isa = PBXBuildFile; fileRef = 37832B0F2812FD0900F1F77D /* LoadingIndicatorManager.swift */; };
		37832B132813165400F1F77D /* MockProduct.swift in Sources */ = {isa = PBXBuildFile; fileRef = 37832B122813165400F1F77D /* MockProduct.swift */; };
		37832B152813168C00F1F77D /* ProductManagerProtocol.swift in Sources */ = {isa = PBXBuildFile; fileRef = 37832B142813168C00F1F77D /* ProductManagerProtocol.swift */; };
		37A65C6628125C75005A3A97 /* MeLiChallengeTechTests.swift in Sources */ = {isa = PBXBuildFile; fileRef = 37A65C6528125C75005A3A97 /* MeLiChallengeTechTests.swift */; };
/* End PBXBuildFile section */

/* Begin PBXContainerItemProxy section */
		37A65C6728125C75005A3A97 /* PBXContainerItemProxy */ = {
			isa = PBXContainerItemProxy;
			containerPortal = 37009185281078EC00D31E6F /* Project object */;
			proxyType = 1;
			remoteGlobalIDString = 3700918C281078EC00D31E6F;
			remoteInfo = "MeLi Challenge Tech";
		};
/* End PBXContainerItemProxy section */

/* Begin PBXFileReference section */
		3700918D281078EC00D31E6F /* MeLi Challenge Tech.app */ = {isa = PBXFileReference; explicitFileType = wrapper.application; includeInIndex = 0; path = "MeLi Challenge Tech.app"; sourceTree = BUILT_PRODUCTS_DIR; };
		37009190281078EC00D31E6F /* AppDelegate.swift */ = {isa = PBXFileReference; lastKnownFileType = sourcecode.swift; path = AppDelegate.swift; sourceTree = "<group>"; };
		37009192281078EC00D31E6F /* SceneDelegate.swift */ = {isa = PBXFileReference; lastKnownFileType = sourcecode.swift; path = SceneDelegate.swift; sourceTree = "<group>"; };
		37009194281078EC00D31E6F /* ViewController.swift */ = {isa = PBXFileReference; lastKnownFileType = sourcecode.swift; path = ViewController.swift; sourceTree = "<group>"; };
		37009197281078EC00D31E6F /* Base */ = {isa = PBXFileReference; lastKnownFileType = file.storyboard; name = Base; path = Base.lproj/Main.storyboard; sourceTree = "<group>"; };
		37009199281078EC00D31E6F /* Assets.xcassets */ = {isa = PBXFileReference; lastKnownFileType = folder.assetcatalog; path = Assets.xcassets; sourceTree = "<group>"; };
		3700919C281078EC00D31E6F /* Base */ = {isa = PBXFileReference; lastKnownFileType = file.storyboard; name = Base; path = Base.lproj/LaunchScreen.storyboard; sourceTree = "<group>"; };
		3700919E281078EC00D31E6F /* Info.plist */ = {isa = PBXFileReference; lastKnownFileType = text.plist.xml; path = Info.plist; sourceTree = "<group>"; };
		370091A728107ACF00D31E6F /* ViewControllerProtocol.swift */ = {isa = PBXFileReference; lastKnownFileType = sourcecode.swift; path = ViewControllerProtocol.swift; sourceTree = "<group>"; };
		370091A928107BC700D31E6F /* Product.swift */ = {isa = PBXFileReference; lastKnownFileType = sourcecode.swift; path = Product.swift; sourceTree = "<group>"; };
		370091AC28107C8400D31E6F /* NetworkConnection.swift */ = {isa = PBXFileReference; lastKnownFileType = sourcecode.swift; path = NetworkConnection.swift; sourceTree = "<group>"; };
		370091B128108A0A00D31E6F /* ViewPresenter.swift */ = {isa = PBXFileReference; lastKnownFileType = sourcecode.swift; path = ViewPresenter.swift; sourceTree = "<group>"; };
		370091B32810A02400D31E6F /* ProductTableViewCell.swift */ = {isa = PBXFileReference; lastKnownFileType = sourcecode.swift; path = ProductTableViewCell.swift; sourceTree = "<group>"; };
		370091B42810A02400D31E6F /* ProductTableViewCell.xib */ = {isa = PBXFileReference; lastKnownFileType = file.xib; path = ProductTableViewCell.xib; sourceTree = "<group>"; };
		370091B72810C0F400D31E6F /* DetailsViewController.swift */ = {isa = PBXFileReference; lastKnownFileType = sourcecode.swift; path = DetailsViewController.swift; sourceTree = "<group>"; };
		37832B0D2812F70F00F1F77D /* DownloadImageManager.swift */ = {isa = PBXFileReference; lastKnownFileType = sourcecode.swift; path = DownloadImageManager.swift; sourceTree = "<group>"; };
		37832B0F2812FD0900F1F77D /* LoadingIndicatorManager.swift */ = {isa = PBXFileReference; lastKnownFileType = sourcecode.swift; path = LoadingIndicatorManager.swift; sourceTree = "<group>"; };
		37832B122813165400F1F77D /* MockProduct.swift */ = {isa = PBXFileReference; lastKnownFileType = sourcecode.swift; path = MockProduct.swift; sourceTree = "<group>"; };
		37832B142813168C00F1F77D /* ProductManagerProtocol.swift */ = {isa = PBXFileReference; lastKnownFileType = sourcecode.swift; path = ProductManagerProtocol.swift; sourceTree = "<group>"; };
		37A65C6328125C75005A3A97 /* MeLiChallengeTechTests.xctest */ = {isa = PBXFileReference; explicitFileType = wrapper.cfbundle; includeInIndex = 0; path = MeLiChallengeTechTests.xctest; sourceTree = BUILT_PRODUCTS_DIR; };
		37A65C6528125C75005A3A97 /* MeLiChallengeTechTests.swift */ = {isa = PBXFileReference; lastKnownFileType = sourcecode.swift; path = MeLiChallengeTechTests.swift; sourceTree = "<group>"; };
/* End PBXFileReference section */

/* Begin PBXFrameworksBuildPhase section */
		3700918A281078EC00D31E6F /* Frameworks */ = {
			isa = PBXFrameworksBuildPhase;
			buildActionMask = 2147483647;
			files = (
				370091B028107D0900D31E6F /* Alamofire in Frameworks */,
			);
			runOnlyForDeploymentPostprocessing = 0;
		};
		37A65C6028125C75005A3A97 /* Frameworks */ = {
			isa = PBXFrameworksBuildPhase;
			buildActionMask = 2147483647;
			files = (
			);
			runOnlyForDeploymentPostprocessing = 0;
		};
/* End PBXFrameworksBuildPhase section */

/* Begin PBXGroup section */
		37009184281078EC00D31E6F = {
			isa = PBXGroup;
			children = (
				3700918F281078EC00D31E6F /* MeLi Challenge Tech */,
				37A65C6428125C75005A3A97 /* MeLiChallengeTechTests */,
				3700918E281078EC00D31E6F /* Products */,
			);
			sourceTree = "<group>";
		};
		3700918E281078EC00D31E6F /* Products */ = {
			isa = PBXGroup;
			children = (
				3700918D281078EC00D31E6F /* MeLi Challenge Tech.app */,
				37A65C6328125C75005A3A97 /* MeLiChallengeTechTests.xctest */,
			);
			name = Products;
			sourceTree = "<group>";
		};
		3700918F281078EC00D31E6F /* MeLi Challenge Tech */ = {
			isa = PBXGroup;
			children = (
				37009190281078EC00D31E6F /* AppDelegate.swift */,
				37009192281078EC00D31E6F /* SceneDelegate.swift */,
				370091A42810790100D31E6F /* Model */,
				370091A52810790500D31E6F /* View */,
				370091A62810790A00D31E6F /* Presenter */,
				37832B162813182000F1F77D /* Protocols */,
				37832B17281318BB00F1F77D /* Manager */,
				370091AB28107C6A00D31E6F /* Network */,
				37832B112813164500F1F77D /* Mock */,
				37009196281078EC00D31E6F /* Main.storyboard */,
				3700919B281078EC00D31E6F /* LaunchScreen.storyboard */,
				37009199281078EC00D31E6F /* Assets.xcassets */,
				3700919E281078EC00D31E6F /* Info.plist */,
			);
			path = "MeLi Challenge Tech";
			sourceTree = "<group>";
		};
		370091A42810790100D31E6F /* Model */ = {
			isa = PBXGroup;
			children = (
				370091A928107BC700D31E6F /* Product.swift */,
			);
			path = Model;
			sourceTree = "<group>";
		};
		370091A52810790500D31E6F /* View */ = {
			isa = PBXGroup;
			children = (
				37A65C5E28121B1E005A3A97 /* ViewController */,
				37A65C5C28121AF2005A3A97 /* DetailsViewController */,
				37A65C5D28121B0C005A3A97 /* Cells */,
			);
			path = View;
			sourceTree = "<group>";
		};
		370091A62810790A00D31E6F /* Presenter */ = {
			isa = PBXGroup;
			children = (
				370091B128108A0A00D31E6F /* ViewPresenter.swift */,
			);
			path = Presenter;
			sourceTree = "<group>";
		};
		370091AB28107C6A00D31E6F /* Network */ = {
			isa = PBXGroup;
			children = (
				370091AC28107C8400D31E6F /* NetworkConnection.swift */,
			);
			path = Network;
			sourceTree = "<group>";
		};
		37832B112813164500F1F77D /* Mock */ = {
			isa = PBXGroup;
			children = (
				37832B122813165400F1F77D /* MockProduct.swift */,
			);
			path = Mock;
			sourceTree = "<group>";
		};
		37832B162813182000F1F77D /* Protocols */ = {
			isa = PBXGroup;
			children = (
				37832B142813168C00F1F77D /* ProductManagerProtocol.swift */,
				370091A728107ACF00D31E6F /* ViewControllerProtocol.swift */,
			);
			path = Protocols;
			sourceTree = "<group>";
		};
		37832B17281318BB00F1F77D /* Manager */ = {
			isa = PBXGroup;
			children = (
				37832B0D2812F70F00F1F77D /* DownloadImageManager.swift */,
				37832B0F2812FD0900F1F77D /* LoadingIndicatorManager.swift */,
			);
			path = Manager;
			sourceTree = "<group>";
		};
		37A65C5C28121AF2005A3A97 /* DetailsViewController */ = {
			isa = PBXGroup;
			children = (
				370091B72810C0F400D31E6F /* DetailsViewController.swift */,
			);
			path = DetailsViewController;
			sourceTree = "<group>";
		};
		37A65C5D28121B0C005A3A97 /* Cells */ = {
			isa = PBXGroup;
			children = (
				370091B42810A02400D31E6F /* ProductTableViewCell.xib */,
				370091B32810A02400D31E6F /* ProductTableViewCell.swift */,
			);
			path = Cells;
			sourceTree = "<group>";
		};
		37A65C5E28121B1E005A3A97 /* ViewController */ = {
			isa = PBXGroup;
			children = (
				37009194281078EC00D31E6F /* ViewController.swift */,
			);
			path = ViewController;
			sourceTree = "<group>";
		};
		37A65C6428125C75005A3A97 /* MeLiChallengeTechTests */ = {
			isa = PBXGroup;
			children = (
				37A65C6528125C75005A3A97 /* MeLiChallengeTechTests.swift */,
			);
			path = MeLiChallengeTechTests;
			sourceTree = "<group>";
		};
/* End PBXGroup section */

/* Begin PBXNativeTarget section */
		3700918C281078EC00D31E6F /* MeLi Challenge Tech */ = {
			isa = PBXNativeTarget;
			buildConfigurationList = 370091A1281078EC00D31E6F /* Build configuration list for PBXNativeTarget "MeLi Challenge Tech" */;
			buildPhases = (
				37009189281078EC00D31E6F /* Sources */,
				3700918A281078EC00D31E6F /* Frameworks */,
				3700918B281078EC00D31E6F /* Resources */,
			);
			buildRules = (
			);
			dependencies = (
			);
			name = "MeLi Challenge Tech";
			packageProductDependencies = (
				370091AF28107D0900D31E6F /* Alamofire */,
			);
			productName = "MeLi Challenge Tech";
			productReference = 3700918D281078EC00D31E6F /* MeLi Challenge Tech.app */;
			productType = "com.apple.product-type.application";
		};
		37A65C6228125C75005A3A97 /* MeLiChallengeTechTests */ = {
			isa = PBXNativeTarget;
			buildConfigurationList = 37A65C6928125C75005A3A97 /* Build configuration list for PBXNativeTarget "MeLiChallengeTechTests" */;
			buildPhases = (
				37A65C5F28125C75005A3A97 /* Sources */,
				37A65C6028125C75005A3A97 /* Frameworks */,
				37A65C6128125C75005A3A97 /* Resources */,
			);
			buildRules = (
			);
			dependencies = (
				37A65C6828125C75005A3A97 /* PBXTargetDependency */,
			);
			name = MeLiChallengeTechTests;
			productName = MeLiChallengeTechTests;
			productReference = 37A65C6328125C75005A3A97 /* MeLiChallengeTechTests.xctest */;
			productType = "com.apple.product-type.bundle.unit-test";
		};
/* End PBXNativeTarget section */

/* Begin PBXProject section */
		37009185281078EC00D31E6F /* Project object */ = {
			isa = PBXProject;
			attributes = {
				BuildIndependentTargetsInParallel = 1;
				LastSwiftUpdateCheck = 1330;
				LastUpgradeCheck = 1330;
				TargetAttributes = {
					3700918C281078EC00D31E6F = {
						CreatedOnToolsVersion = 13.3.1;
					};
					37A65C6228125C75005A3A97 = {
						CreatedOnToolsVersion = 13.3.1;
						TestTargetID = 3700918C281078EC00D31E6F;
					};
				};
			};
			buildConfigurationList = 37009188281078EC00D31E6F /* Build configuration list for PBXProject "MeLi Challenge Tech" */;
			compatibilityVersion = "Xcode 13.0";
			developmentRegion = en;
			hasScannedForEncodings = 0;
			knownRegions = (
				en,
				Base,
			);
			mainGroup = 37009184281078EC00D31E6F;
			packageReferences = (
				370091AE28107D0900D31E6F /* XCRemoteSwiftPackageReference "Alamofire" */,
			);
			productRefGroup = 3700918E281078EC00D31E6F /* Products */;
			projectDirPath = "";
			projectRoot = "";
			targets = (
				3700918C281078EC00D31E6F /* MeLi Challenge Tech */,
				37A65C6228125C75005A3A97 /* MeLiChallengeTechTests */,
			);
		};
/* End PBXProject section */

/* Begin PBXResourcesBuildPhase section */
		3700918B281078EC00D31E6F /* Resources */ = {
			isa = PBXResourcesBuildPhase;
			buildActionMask = 2147483647;
			files = (
				3700919D281078EC00D31E6F /* LaunchScreen.storyboard in Resources */,
				370091B62810A02400D31E6F /* ProductTableViewCell.xib in Resources */,
				3700919A281078EC00D31E6F /* Assets.xcassets in Resources */,
				37009198281078EC00D31E6F /* Main.storyboard in Resources */,
			);
			runOnlyForDeploymentPostprocessing = 0;
		};
		37A65C6128125C75005A3A97 /* Resources */ = {
			isa = PBXResourcesBuildPhase;
			buildActionMask = 2147483647;
			files = (
			);
			runOnlyForDeploymentPostprocessing = 0;
		};
/* End PBXResourcesBuildPhase section */

/* Begin PBXSourcesBuildPhase section */
		37009189281078EC00D31E6F /* Sources */ = {
			isa = PBXSourcesBuildPhase;
			buildActionMask = 2147483647;
			files = (
				37009195281078EC00D31E6F /* ViewController.swift in Sources */,
				37832B152813168C00F1F77D /* ProductManagerProtocol.swift in Sources */,
				370091B52810A02400D31E6F /* ProductTableViewCell.swift in Sources */,
				370091B82810C0F400D31E6F /* DetailsViewController.swift in Sources */,
				370091A828107ACF00D31E6F /* ViewControllerProtocol.swift in Sources */,
				370091B228108A0A00D31E6F /* ViewPresenter.swift in Sources */,
				370091AD28107C8400D31E6F /* NetworkConnection.swift in Sources */,
				37832B0E2812F70F00F1F77D /* DownloadImageManager.swift in Sources */,
				370091AA28107BC700D31E6F /* Product.swift in Sources */,
				37009191281078EC00D31E6F /* AppDelegate.swift in Sources */,
				37832B102812FD0900F1F77D /* LoadingIndicatorManager.swift in Sources */,
				37009193281078EC00D31E6F /* SceneDelegate.swift in Sources */,
				37832B132813165400F1F77D /* MockProduct.swift in Sources */,
			);
			runOnlyForDeploymentPostprocessing = 0;
		};
		37A65C5F28125C75005A3A97 /* Sources */ = {
			isa = PBXSourcesBuildPhase;
			buildActionMask = 2147483647;
			files = (
				37A65C6628125C75005A3A97 /* MeLiChallengeTechTests.swift in Sources */,
			);
			runOnlyForDeploymentPostprocessing = 0;
		};
/* End PBXSourcesBuildPhase section */

/* Begin PBXTargetDependency section */
		37A65C6828125C75005A3A97 /* PBXTargetDependency */ = {
			isa = PBXTargetDependency;
			target = 3700918C281078EC00D31E6F /* MeLi Challenge Tech */;
			targetProxy = 37A65C6728125C75005A3A97 /* PBXContainerItemProxy */;
		};
/* End PBXTargetDependency section */

/* Begin PBXVariantGroup section */
		37009196281078EC00D31E6F /* Main.storyboard */ = {
			isa = PBXVariantGroup;
			children = (
				37009197281078EC00D31E6F /* Base */,
			);
			name = Main.storyboard;
			sourceTree = "<group>";
		};
		3700919B281078EC00D31E6F /* LaunchScreen.storyboard */ = {
			isa = PBXVariantGroup;
			children = (
				3700919C281078EC00D31E6F /* Base */,
			);
			name = LaunchScreen.storyboard;
			sourceTree = "<group>";
		};
/* End PBXVariantGroup section */

/* Begin XCBuildConfiguration section */
		3700919F281078EC00D31E6F /* Debug */ = {
			isa = XCBuildConfiguration;
			buildSettings = {
				ALWAYS_SEARCH_USER_PATHS = NO;
				CLANG_ANALYZER_NONNULL = YES;
				CLANG_ANALYZER_NUMBER_OBJECT_CONVERSION = YES_AGGRESSIVE;
				CLANG_CXX_LANGUAGE_STANDARD = "gnu++17";
				CLANG_ENABLE_MODULES = YES;
				CLANG_ENABLE_OBJC_ARC = YES;
				CLANG_ENABLE_OBJC_WEAK = YES;
				CLANG_WARN_BLOCK_CAPTURE_AUTORELEASING = YES;
				CLANG_WARN_BOOL_CONVERSION = YES;
				CLANG_WARN_COMMA = YES;
				CLANG_WARN_CONSTANT_CONVERSION = YES;
				CLANG_WARN_DEPRECATED_OBJC_IMPLEMENTATIONS = YES;
				CLANG_WARN_DIRECT_OBJC_ISA_USAGE = YES_ERROR;
				CLANG_WARN_DOCUMENTATION_COMMENTS = YES;
				CLANG_WARN_EMPTY_BODY = YES;
				CLANG_WARN_ENUM_CONVERSION = YES;
				CLANG_WARN_INFINITE_RECURSION = YES;
				CLANG_WARN_INT_CONVERSION = YES;
				CLANG_WARN_NON_LITERAL_NULL_CONVERSION = YES;
				CLANG_WARN_OBJC_IMPLICIT_RETAIN_SELF = YES;
				CLANG_WARN_OBJC_LITERAL_CONVERSION = YES;
				CLANG_WARN_OBJC_ROOT_CLASS = YES_ERROR;
				CLANG_WARN_QUOTED_INCLUDE_IN_FRAMEWORK_HEADER = YES;
				CLANG_WARN_RANGE_LOOP_ANALYSIS = YES;
				CLANG_WARN_STRICT_PROTOTYPES = YES;
				CLANG_WARN_SUSPICIOUS_MOVE = YES;
				CLANG_WARN_UNGUARDED_AVAILABILITY = YES_AGGRESSIVE;
				CLANG_WARN_UNREACHABLE_CODE = YES;
				CLANG_WARN__DUPLICATE_METHOD_MATCH = YES;
				COPY_PHASE_STRIP = NO;
				DEBUG_INFORMATION_FORMAT = dwarf;
				ENABLE_STRICT_OBJC_MSGSEND = YES;
				ENABLE_TESTABILITY = YES;
				GCC_C_LANGUAGE_STANDARD = gnu11;
				GCC_DYNAMIC_NO_PIC = NO;
				GCC_NO_COMMON_BLOCKS = YES;
				GCC_OPTIMIZATION_LEVEL = 0;
				GCC_PREPROCESSOR_DEFINITIONS = (
					"DEBUG=1",
					"$(inherited)",
				);
				GCC_WARN_64_TO_32_BIT_CONVERSION = YES;
				GCC_WARN_ABOUT_RETURN_TYPE = YES_ERROR;
				GCC_WARN_UNDECLARED_SELECTOR = YES;
				GCC_WARN_UNINITIALIZED_AUTOS = YES_AGGRESSIVE;
				GCC_WARN_UNUSED_FUNCTION = YES;
				GCC_WARN_UNUSED_VARIABLE = YES;
				IPHONEOS_DEPLOYMENT_TARGET = 15.4;
				MTL_ENABLE_DEBUG_INFO = INCLUDE_SOURCE;
				MTL_FAST_MATH = YES;
				ONLY_ACTIVE_ARCH = YES;
				SDKROOT = iphoneos;
				SWIFT_ACTIVE_COMPILATION_CONDITIONS = DEBUG;
				SWIFT_OPTIMIZATION_LEVEL = "-Onone";
			};
			name = Debug;
		};
		370091A0281078EC00D31E6F /* Release */ = {
			isa = XCBuildConfiguration;
			buildSettings = {
				ALWAYS_SEARCH_USER_PATHS = NO;
				CLANG_ANALYZER_NONNULL = YES;
				CLANG_ANALYZER_NUMBER_OBJECT_CONVERSION = YES_AGGRESSIVE;
				CLANG_CXX_LANGUAGE_STANDARD = "gnu++17";
				CLANG_ENABLE_MODULES = YES;
				CLANG_ENABLE_OBJC_ARC = YES;
				CLANG_ENABLE_OBJC_WEAK = YES;
				CLANG_WARN_BLOCK_CAPTURE_AUTORELEASING = YES;
				CLANG_WARN_BOOL_CONVERSION = YES;
				CLANG_WARN_COMMA = YES;
				CLANG_WARN_CONSTANT_CONVERSION = YES;
				CLANG_WARN_DEPRECATED_OBJC_IMPLEMENTATIONS = YES;
				CLANG_WARN_DIRECT_OBJC_ISA_USAGE = YES_ERROR;
				CLANG_WARN_DOCUMENTATION_COMMENTS = YES;
				CLANG_WARN_EMPTY_BODY = YES;
				CLANG_WARN_ENUM_CONVERSION = YES;
				CLANG_WARN_INFINITE_RECURSION = YES;
				CLANG_WARN_INT_CONVERSION = YES;
				CLANG_WARN_NON_LITERAL_NULL_CONVERSION = YES;
				CLANG_WARN_OBJC_IMPLICIT_RETAIN_SELF = YES;
				CLANG_WARN_OBJC_LITERAL_CONVERSION = YES;
				CLANG_WARN_OBJC_ROOT_CLASS = YES_ERROR;
				CLANG_WARN_QUOTED_INCLUDE_IN_FRAMEWORK_HEADER = YES;
				CLANG_WARN_RANGE_LOOP_ANALYSIS = YES;
				CLANG_WARN_STRICT_PROTOTYPES = YES;
				CLANG_WARN_SUSPICIOUS_MOVE = YES;
				CLANG_WARN_UNGUARDED_AVAILABILITY = YES_AGGRESSIVE;
				CLANG_WARN_UNREACHABLE_CODE = YES;
				CLANG_WARN__DUPLICATE_METHOD_MATCH = YES;
				COPY_PHASE_STRIP = NO;
				DEBUG_INFORMATION_FORMAT = "dwarf-with-dsym";
				ENABLE_NS_ASSERTIONS = NO;
				ENABLE_STRICT_OBJC_MSGSEND = YES;
				GCC_C_LANGUAGE_STANDARD = gnu11;
				GCC_NO_COMMON_BLOCKS = YES;
				GCC_WARN_64_TO_32_BIT_CONVERSION = YES;
				GCC_WARN_ABOUT_RETURN_TYPE = YES_ERROR;
				GCC_WARN_UNDECLARED_SELECTOR = YES;
				GCC_WARN_UNINITIALIZED_AUTOS = YES_AGGRESSIVE;
				GCC_WARN_UNUSED_FUNCTION = YES;
				GCC_WARN_UNUSED_VARIABLE = YES;
				IPHONEOS_DEPLOYMENT_TARGET = 15.4;
				MTL_ENABLE_DEBUG_INFO = NO;
				MTL_FAST_MATH = YES;
				SDKROOT = iphoneos;
				SWIFT_COMPILATION_MODE = wholemodule;
				SWIFT_OPTIMIZATION_LEVEL = "-O";
				VALIDATE_PRODUCT = YES;
			};
			name = Release;
		};
		370091A2281078EC00D31E6F /* Debug */ = {
			isa = XCBuildConfiguration;
			buildSettings = {
				ASSETCATALOG_COMPILER_APPICON_NAME = AppIcon;
				ASSETCATALOG_COMPILER_GLOBAL_ACCENT_COLOR_NAME = AccentColor;
				CODE_SIGN_STYLE = Automatic;
				CURRENT_PROJECT_VERSION = 1;
				GENERATE_INFOPLIST_FILE = YES;
				INFOPLIST_FILE = "MeLi Challenge Tech/Info.plist";
				INFOPLIST_KEY_UIApplicationSupportsIndirectInputEvents = YES;
				INFOPLIST_KEY_UILaunchStoryboardName = LaunchScreen;
				INFOPLIST_KEY_UIMainStoryboardFile = Main;
				INFOPLIST_KEY_UISupportedInterfaceOrientations_iPad = "UIInterfaceOrientationPortrait UIInterfaceOrientationPortraitUpsideDown UIInterfaceOrientationLandscapeLeft UIInterfaceOrientationLandscapeRight";
				INFOPLIST_KEY_UISupportedInterfaceOrientations_iPhone = "UIInterfaceOrientationPortrait UIInterfaceOrientationLandscapeLeft UIInterfaceOrientationLandscapeRight";
				LD_RUNPATH_SEARCH_PATHS = (
					"$(inherited)",
					"@executable_path/Frameworks",
				);
				MARKETING_VERSION = 1.0;
				PRODUCT_BUNDLE_IDENTIFIER = "-thdev.MeLi-Challenge-Tech";
				PRODUCT_NAME = "$(TARGET_NAME)";
				SWIFT_EMIT_LOC_STRINGS = YES;
				SWIFT_VERSION = 5.0;
				TARGETED_DEVICE_FAMILY = "1,2";
			};
			name = Debug;
		};
		370091A3281078EC00D31E6F /* Release */ = {
			isa = XCBuildConfiguration;
			buildSettings = {
				ASSETCATALOG_COMPILER_APPICON_NAME = AppIcon;
				ASSETCATALOG_COMPILER_GLOBAL_ACCENT_COLOR_NAME = AccentColor;
				CODE_SIGN_STYLE = Automatic;
				CURRENT_PROJECT_VERSION = 1;
				GENERATE_INFOPLIST_FILE = YES;
				INFOPLIST_FILE = "MeLi Challenge Tech/Info.plist";
				INFOPLIST_KEY_UIApplicationSupportsIndirectInputEvents = YES;
				INFOPLIST_KEY_UILaunchStoryboardName = LaunchScreen;
				INFOPLIST_KEY_UIMainStoryboardFile = Main;
				INFOPLIST_KEY_UISupportedInterfaceOrientations_iPad = "UIInterfaceOrientationPortrait UIInterfaceOrientationPortraitUpsideDown UIInterfaceOrientationLandscapeLeft UIInterfaceOrientationLandscapeRight";
				INFOPLIST_KEY_UISupportedInterfaceOrientations_iPhone = "UIInterfaceOrientationPortrait UIInterfaceOrientationLandscapeLeft UIInterfaceOrientationLandscapeRight";
				LD_RUNPATH_SEARCH_PATHS = (
					"$(inherited)",
					"@executable_path/Frameworks",
				);
				MARKETING_VERSION = 1.0;
				PRODUCT_BUNDLE_IDENTIFIER = "-thdev.MeLi-Challenge-Tech";
				PRODUCT_NAME = "$(TARGET_NAME)";
				SWIFT_EMIT_LOC_STRINGS = YES;
				SWIFT_VERSION = 5.0;
				TARGETED_DEVICE_FAMILY = "1,2";
			};
			name = Release;
		};
		37A65C6A28125C75005A3A97 /* Debug */ = {
			isa = XCBuildConfiguration;
			buildSettings = {
				BUNDLE_LOADER = "$(TEST_HOST)";
				CODE_SIGN_STYLE = Automatic;
				CURRENT_PROJECT_VERSION = 1;
				GENERATE_INFOPLIST_FILE = YES;
				MARKETING_VERSION = 1.0;
				PRODUCT_BUNDLE_IDENTIFIER = "-thdev.MeLiChallengeTechTests";
				PRODUCT_NAME = "$(TARGET_NAME)";
				SWIFT_EMIT_LOC_STRINGS = NO;
				SWIFT_VERSION = 5.0;
				TARGETED_DEVICE_FAMILY = "1,2";
				TEST_HOST = "$(BUILT_PRODUCTS_DIR)/MeLi Challenge Tech.app/MeLi Challenge Tech";
			};
			name = Debug;
		};
		37A65C6B28125C75005A3A97 /* Release */ = {
			isa = XCBuildConfiguration;
			buildSettings = {
				BUNDLE_LOADER = "$(TEST_HOST)";
				CODE_SIGN_STYLE = Automatic;
				CURRENT_PROJECT_VERSION = 1;
				GENERATE_INFOPLIST_FILE = YES;
				MARKETING_VERSION = 1.0;
				PRODUCT_BUNDLE_IDENTIFIER = "-thdev.MeLiChallengeTechTests";
				PRODUCT_NAME = "$(TARGET_NAME)";
				SWIFT_EMIT_LOC_STRINGS = NO;
				SWIFT_VERSION = 5.0;
				TARGETED_DEVICE_FAMILY = "1,2";
				TEST_HOST = "$(BUILT_PRODUCTS_DIR)/MeLi Challenge Tech.app/MeLi Challenge Tech";
			};
			name = Release;
		};
/* End XCBuildConfiguration section */

/* Begin XCConfigurationList section */
		37009188281078EC00D31E6F /* Build configuration list for PBXProject "MeLi Challenge Tech" */ = {
			isa = XCConfigurationList;
			buildConfigurations = (
				3700919F281078EC00D31E6F /* Debug */,
				370091A0281078EC00D31E6F /* Release */,
			);
			defaultConfigurationIsVisible = 0;
			defaultConfigurationName = Release;
		};
		370091A1281078EC00D31E6F /* Build configuration list for PBXNativeTarget "MeLi Challenge Tech" */ = {
			isa = XCConfigurationList;
			buildConfigurations = (
				370091A2281078EC00D31E6F /* Debug */,
				370091A3281078EC00D31E6F /* Release */,
			);
			defaultConfigurationIsVisible = 0;
			defaultConfigurationName = Release;
		};
		37A65C6928125C75005A3A97 /* Build configuration list for PBXNativeTarget "MeLiChallengeTechTests" */ = {
			isa = XCConfigurationList;
			buildConfigurations = (
				37A65C6A28125C75005A3A97 /* Debug */,
				37A65C6B28125C75005A3A97 /* Release */,
			);
			defaultConfigurationIsVisible = 0;
			defaultConfigurationName = Release;
		};
/* End XCConfigurationList section */

/* Begin XCRemoteSwiftPackageReference section */
		370091AE28107D0900D31E6F /* XCRemoteSwiftPackageReference "Alamofire" */ = {
			isa = XCRemoteSwiftPackageReference;
			repositoryURL = "https://github.com/Alamofire/Alamofire.git";
			requirement = {
				branch = master;
				kind = branch;
			};
		};
/* End XCRemoteSwiftPackageReference section */

/* Begin XCSwiftPackageProductDependency section */
		370091AF28107D0900D31E6F /* Alamofire */ = {
			isa = XCSwiftPackageProductDependency;
			package = 370091AE28107D0900D31E6F /* XCRemoteSwiftPackageReference "Alamofire" */;
			productName = Alamofire;
		};
/* End XCSwiftPackageProductDependency section */
	};
	rootObject = 37009185281078EC00D31E6F /* Project object */;
}
